{
  "name": "shared",
  "version": "1.0.0",
  "lockfileVersion": 3,
  "requires": true,
  "packages": {
    "": {
      "name": "shared",
      "version": "1.0.0",
      "license": "ISC",
      "dependencies": {
        "ramon-vanilla": "github:DevRamon83/ramon-vanilla"
      }
    },
    "node_modules/ramon-vanilla": {
      "version": "1.1.0",
      "resolved": "git+ssh://git@github.com/DevRamon83/ramon-vanilla.git#e39676273abf738b7275980c1692fe7f260f36df",
      "license": "ISC"
    }
  }
}
